{
  "nodes": {
    "nixpkgs": {
      "locked": {
        "lastModified": 1748860448,
        "narHash": "sha256-UNITo2xW+pRJW+ABG6NwVLooE9peT+Hv8kh9oj7qeik=",
        "owner": "NixOS",
        "repo": "nixpkgs",
        "rev": "1d7fe1220b4493f6643b11602275a72f1aa7cc03",
        "type": "github"
      },
      "original": {
        "owner": "NixOS",
        "repo": "nixpkgs",
        "type": "github"
      }
    },
    "root": {
      "inputs": {
        "nixpkgs": "nixpkgs"
      }
    }
  },
  "root": "root",
  "version": 7
}
