{
  "nodes": {
    "nixpkgs": {
      "locked": {
        "lastModified": 1748440414,
        "narHash": "sha256-RIGviHmPQSRB2so6IZybXinV6p1Kov23pEL2FHq8SGc=",
        "owner": "NixOS",
        "repo": "nixpkgs",
        "rev": "16d95f8250f848c0016c651b711a638ec10ed8e9",
        "type": "github"
      },
      "original": {
        "owner": "NixOS",
        "repo": "nixpkgs",
        "type": "github"
      }
    },
    "root": {
      "inputs": {
        "nixpkgs": "nixpkgs"
      }
    }
  },
  "root": "root",
  "version": 7
}
